
Microsoft Visual Studio Solution File, Format Version 12.00
# Visual Studio Version 17
VisualStudioVersion = 17.14.36127.28
MinimumVisualStudioVersion = 10.0.40219.1
Project("{FAE04EC0-301F-11D3-BF4B-00C04F79EFBC}") = "Abstracciones", "Abstracciones\Abstracciones.csproj", "{0E2E2C0C-16B0-4308-BA0C-4EC1E9622C1B}"
EndProject
Project("{FAE04EC0-301F-11D3-BF4B-00C04F79EFBC}") = "Web", "Web\Web.csproj", "{3DEC3F29-1853-49DB-B556-E10B40E05F4D}"
EndProject
Project("{FAE04EC0-301F-11D3-BF4B-00C04F79EFBC}") = "Reglas", "Reglas\Reglas.csproj", "{7EC8C3F3-B755-46EB-9E52-97D39296540D}"
EndProject
Global
	GlobalSection(SolutionConfigurationPlatforms) = preSolution
		Debug|Any CPU = Debug|Any CPU
		Release|Any CPU = Release|Any CPU
	EndGlobalSection
	GlobalSection(ProjectConfigurationPlatforms) = postSolution
		{0E2E2C0C-16B0-4308-BA0C-4EC1E9622C1B}.Debug|Any CPU.ActiveCfg = Debug|Any CPU
		{0E2E2C0C-16B0-4308-BA0C-4EC1E9622C1B}.Debug|Any CPU.Build.0 = Debug|Any CPU
		{0E2E2C0C-16B0-4308-BA0C-4EC1E9622C1B}.Release|Any CPU.ActiveCfg = Release|Any CPU
		{0E2E2C0C-16B0-4308-BA0C-4EC1E9622C1B}.Release|Any CPU.Build.0 = Release|Any CPU
		{3DEC3F29-1853-49DB-B556-E10B40E05F4D}.Debug|Any CPU.ActiveCfg = Debug|Any CPU
		{3DEC3F29-1853-49DB-B556-E10B40E05F4D}.Debug|Any CPU.Build.0 = Debug|Any CPU
		{3DEC3F29-1853-49DB-B556-E10B40E05F4D}.Release|Any CPU.ActiveCfg = Release|Any CPU
		{3DEC3F29-1853-49DB-B556-E10B40E05F4D}.Release|Any CPU.Build.0 = Release|Any CPU
		{7EC8C3F3-B755-46EB-9E52-97D39296540D}.Debug|Any CPU.ActiveCfg = Debug|Any CPU
		{7EC8C3F3-B755-46EB-9E52-97D39296540D}.Debug|Any CPU.Build.0 = Debug|Any CPU
		{7EC8C3F3-B755-46EB-9E52-97D39296540D}.Release|Any CPU.ActiveCfg = Release|Any CPU
		{7EC8C3F3-B755-46EB-9E52-97D39296540D}.Release|Any CPU.Build.0 = Release|Any CPU
	EndGlobalSection
	GlobalSection(SolutionProperties) = preSolution
		HideSolutionNode = FALSE
	EndGlobalSection
	GlobalSection(ExtensibilityGlobals) = postSolution
		SolutionGuid = {14399942-E2E6-4B0E-A5E5-A29C9CB24C25}
	EndGlobalSection
EndGlobal
